{
  "name": "react-e-swap",
  "lockfileVersion": 2,
  "requires": true,
  "packages": {
    "": {
      "dependencies": {
        "@types/mongoose": "^5.10.5"
      }
    },
    "node_modules/@types/bson": {
      "version": "4.0.3",
      "resolved": "https://registry.npmjs.org/@types/bson/-/bson-4.0.3.tgz",
      "integrity": "sha512-mVRvYnTOZJz3ccpxhr3wgxVmSeiYinW+zlzQz3SXWaJmD1DuL05Jeq7nKw3SnbKmbleW5qrLG5vdyWe/A9sXhw==",
      "dependencies": {
        "@types/node": "*"
      }
    },
    "node_modules/@types/mongodb": {
      "version": "3.6.13",
      "resolved": "https://registry.npmjs.org/@types/mongodb/-/mongodb-3.6.13.tgz",
      "integrity": "sha512-N/e2+oVqDWIiKos+5vsx3Oj8VtgzyplpV9N8tLMM2g/xrK30doWYSYW7fwHSaHQdX+hrUlPxZ775p4KRnhIPyA==",
      "dependencies": {
        "@types/bson": "*",
        "@types/node": "*"
      }
    },
    "node_modules/@types/mongoose": {
      "version": "5.10.5",
      "resolved": "https://registry.npmjs.org/@types/mongoose/-/mongoose-5.10.5.tgz",
      "integrity": "sha512-37QMIA954T3n+HSksSNLlxZsqF8fMJu5S4dyPBod6gRxGtsXlQ9jUtL8BE8Seimv99u79eLXI3bggoCnSQ/fxQ==",
      "dependencies": {
        "@types/mongodb": "*",
        "@types/node": "*"
      }
    },
    "node_modules/@types/node": {
      "version": "15.3.0",
      "resolved": "https://registry.npmjs.org/@types/node/-/node-15.3.0.tgz",
      "integrity": "sha512-8/bnjSZD86ZfpBsDlCIkNXIvm+h6wi9g7IqL+kmFkQ+Wvu3JrasgLElfiPgoo8V8vVfnEi0QVS12gbl94h9YsQ=="
    }
  },
  "dependencies": {
    "@types/bson": {
      "version": "4.0.3",
      "resolved": "https://registry.npmjs.org/@types/bson/-/bson-4.0.3.tgz",
      "integrity": "sha512-mVRvYnTOZJz3ccpxhr3wgxVmSeiYinW+zlzQz3SXWaJmD1DuL05Jeq7nKw3SnbKmbleW5qrLG5vdyWe/A9sXhw==",
      "requires": {
        "@types/node": "*"
      }
    },
    "@types/mongodb": {
      "version": "3.6.13",
      "resolved": "https://registry.npmjs.org/@types/mongodb/-/mongodb-3.6.13.tgz",
      "integrity": "sha512-N/e2+oVqDWIiKos+5vsx3Oj8VtgzyplpV9N8tLMM2g/xrK30doWYSYW7fwHSaHQdX+hrUlPxZ775p4KRnhIPyA==",
      "requires": {
        "@types/bson": "*",
        "@types/node": "*"
      }
    },
    "@types/mongoose": {
      "version": "5.10.5",
      "resolved": "https://registry.npmjs.org/@types/mongoose/-/mongoose-5.10.5.tgz",
      "integrity": "sha512-37QMIA954T3n+HSksSNLlxZsqF8fMJu5S4dyPBod6gRxGtsXlQ9jUtL8BE8Seimv99u79eLXI3bggoCnSQ/fxQ==",
      "requires": {
        "@types/mongodb": "*",
        "@types/node": "*"
      }
    },
    "@types/node": {
      "version": "15.3.0",
      "resolved": "https://registry.npmjs.org/@types/node/-/node-15.3.0.tgz",
      "integrity": "sha512-8/bnjSZD86ZfpBsDlCIkNXIvm+h6wi9g7IqL+kmFkQ+Wvu3JrasgLElfiPgoo8V8vVfnEi0QVS12gbl94h9YsQ=="
    }
  }
}
